
Microsoft Visual Studio Solution File, Format Version 12.00
# Visual Studio Version 16
VisualStudioVersion = 16.0.29709.97
MinimumVisualStudioVersion = 10.0.40219.1
Project("{FAE04EC0-301F-11D3-BF4B-00C04F79EFBC}") = "First_RP", "First_RP.csproj", "{74DF184C-EB76-4437-B91E-F1CBC7B56660}"
EndProject
Global
	GlobalSection(SolutionConfigurationPlatforms) = preSolution
		Debug|Any CPU = Debug|Any CPU
		Release|Any CPU = Release|Any CPU
	EndGlobalSection
	GlobalSection(ProjectConfigurationPlatforms) = postSolution
		{74DF184C-EB76-4437-B91E-F1CBC7B56660}.Debug|Any CPU.ActiveCfg = Debug|Any CPU
		{74DF184C-EB76-4437-B91E-F1CBC7B56660}.Debug|Any CPU.Build.0 = Debug|Any CPU
		{74DF184C-EB76-4437-B91E-F1CBC7B56660}.Release|Any CPU.ActiveCfg = Release|Any CPU
		{74DF184C-EB76-4437-B91E-F1CBC7B56660}.Release|Any CPU.Build.0 = Release|Any CPU
	EndGlobalSection
	GlobalSection(SolutionProperties) = preSolution
		HideSolutionNode = FALSE
	EndGlobalSection
	GlobalSection(ExtensibilityGlobals) = postSolution
		SolutionGuid = {F5E827FB-A16B-4091-8D91-09185793F14B}
	EndGlobalSection
EndGlobal
